{
    "_meta": {
        "hash": {
            "sha256": "d999b562582b433155d616974ee139ac2522f3a61d7378178ad89e06b6e91fc9"
        },
        "pipfile-spec": 6,
        "requires": {
            "python_version": "3.7"
        },
        "sources": [
            {
                "name": "pypi",
                "url": "https://pypi.org/simple",
                "verify_ssl": true
            }
        ]
    },
    "default": {
        "amqplib": {
            "hashes": [
                "sha256:843d69b681a60afd21fbf50f310404ec67fcdf9d13dfcf6e9d41f3b456217e5b"
            ],
            "index": "pypi",
            "version": "==1.0.2"
        }
    },
    "develop": {}
}
